github.com/a-h/templ v0.2.598 h1:6jMIHv6wQZvdPxTuv87erW4RqN/FPU0wk7ZHN5wVuuo=
github.com/a-h/templ v0.2.598/go.mod h1:SA7mtYwVEajbIXFRh3vKdYm/4FYyLQAtPH1+KxzGPA8=
github.com/angelofallars/htmx-go v0.5.0 h1:L7M48cCH7nX8cV5wRYn04pN6AE4qNdh86iTbuKxhnIo=
github.com/angelofallars/htmx-go v0.5.0/go.mod h1:izXk6A+Jllc3vXs1dUvxUJs/jE0weiEC07ZPlCVi4cc=
github.com/google/go-cmp v0.6.0 h1:ofyhxvXcZhMsU5ulbFiLKl/XBFqE1GSq7atu8tAmTRI=
github.com/google/go-cmp v0.6.0/go.mod h1:17dUlkBOakJ0+DkrSSNjCkIjxS6bF9zb3elmeNGIjoY=
github.com/gowebly/helpers v0.3.0 h1:hif8JqkknOIuApoADbDopIAVzQlWjNPG1o8ZdGOPmDg=
github.com/gowebly/helpers v0.3.0/go.mod h1:gGHGcRTEBdoeySZPh+5GqcVrMLgkP1CaqZD28u0srAM=
